
Microsoft Visual Studio Solution File, Format Version 12.00
# Visual Studio Version 17
VisualStudioVersion = 17.13.35931.197 d17.13
MinimumVisualStudioVersion = 10.0.40219.1
Project("{FAE04EC0-301F-11D3-BF4B-00C04F79EFBC}") = "API TestExercise", "API TestExercise.csproj", "{0BAEA97B-92A9-4F80-BFDC-69CF2D1EBA36}"
EndProject
Project("{FAE04EC0-301F-11D3-BF4B-00C04F79EFBC}") = "API_TestExercise.Tests", "..\API_TestExercise.Tests\API_TestExercise.Tests.csproj", "{B95AE329-312C-4B3D-B445-7C7AE9096475}"
EndProject
Project("{FAE04EC0-301F-11D3-BF4B-00C04F79EFBC}") = "UItests", "..\UItests\UItests.csproj", "{9DF0C5C6-2FA1-4089-8F7B-E791B9E24AEE}"
EndProject
Global
	GlobalSection(SolutionConfigurationPlatforms) = preSolution
		Debug|Any CPU = Debug|Any CPU
		Release|Any CPU = Release|Any CPU
	EndGlobalSection
	GlobalSection(ProjectConfigurationPlatforms) = postSolution
		{0BAEA97B-92A9-4F80-BFDC-69CF2D1EBA36}.Debug|Any CPU.ActiveCfg = Debug|Any CPU
		{0BAEA97B-92A9-4F80-BFDC-69CF2D1EBA36}.Debug|Any CPU.Build.0 = Debug|Any CPU
		{0BAEA97B-92A9-4F80-BFDC-69CF2D1EBA36}.Release|Any CPU.ActiveCfg = Release|Any CPU
		{0BAEA97B-92A9-4F80-BFDC-69CF2D1EBA36}.Release|Any CPU.Build.0 = Release|Any CPU
		{B95AE329-312C-4B3D-B445-7C7AE9096475}.Debug|Any CPU.ActiveCfg = Debug|Any CPU
		{B95AE329-312C-4B3D-B445-7C7AE9096475}.Debug|Any CPU.Build.0 = Debug|Any CPU
		{B95AE329-312C-4B3D-B445-7C7AE9096475}.Release|Any CPU.ActiveCfg = Release|Any CPU
		{B95AE329-312C-4B3D-B445-7C7AE9096475}.Release|Any CPU.Build.0 = Release|Any CPU
		{9DF0C5C6-2FA1-4089-8F7B-E791B9E24AEE}.Debug|Any CPU.ActiveCfg = Debug|Any CPU
		{9DF0C5C6-2FA1-4089-8F7B-E791B9E24AEE}.Debug|Any CPU.Build.0 = Debug|Any CPU
		{9DF0C5C6-2FA1-4089-8F7B-E791B9E24AEE}.Release|Any CPU.ActiveCfg = Release|Any CPU
		{9DF0C5C6-2FA1-4089-8F7B-E791B9E24AEE}.Release|Any CPU.Build.0 = Release|Any CPU
	EndGlobalSection
	GlobalSection(SolutionProperties) = preSolution
		HideSolutionNode = FALSE
	EndGlobalSection
	GlobalSection(ExtensibilityGlobals) = postSolution
		SolutionGuid = {DED6466C-5725-422B-B6E4-B57642D1D13A}
	EndGlobalSection
EndGlobal
